lockfileVersion: '9.0'

settings:
  autoInstallPeers: true
  excludeLinksFromLockfile: false

importers:

  .:
    dependencies:
      eslint-plugin-no-relative-import-paths:
        specifier: 1.6.1
        version: 1.6.1

packages:

  eslint-plugin-no-relative-import-paths@1.6.1:
    resolution: {integrity: sha512-YZNeOnsOrJcwhFw0X29MXjIzu2P/f5X2BZDPWw1R3VUYBRFxNIh77lyoL/XrMU9ewZNQPcEvAgL/cBOT1P330A==}

snapshots:

  eslint-plugin-no-relative-import-paths@1.6.1: {}
