lockfileVersion: '9.0'

settings:
  autoInstallPeers: true
  excludeLinksFromLockfile: false

importers:

  .:
    dependencies:
      '@modelfetch/core':
        specifier: workspace:^
        version: link:../modelfetch-core
      type-fest:
        specifier: ^4.41.0
        version: 4.41.0
    devDependencies:
      '@types/bun':
        specifier: ^1.2.17
        version: 1.2.17
      create-eslint-config:
        specifier: workspace:^
        version: link:../create-eslint-config

packages:

  '@types/bun@1.2.17':
    resolution: {integrity: sha512-l/BYs/JYt+cXA/0+wUhulYJB6a6p//GTPiJ7nV+QHa8iiId4HZmnu/3J/SowP5g0rTiERY2kfGKXEK5Ehltx4Q==}

  '@types/node@24.0.10':
    resolution: {integrity: sha512-ENHwaH+JIRTDIEEbDK6QSQntAYGtbvdDXnMXnZaZ6k13Du1dPMmprkEHIL7ok2Wl2aZevetwTAb5S+7yIF+enA==}

  bun-types@1.2.17:
    resolution: {integrity: sha512-ElC7ItwT3SCQwYZDYoAH+q6KT4Fxjl8DtZ6qDulUFBmXA8YB4xo+l54J9ZJN+k2pphfn9vk7kfubeSd5QfTVJQ==}

  type-fest@4.41.0:
    resolution: {integrity: sha512-TeTSQ6H5YHvpqVwBRcnLDCBnDOHWYu7IvGbHT6N8AOymcr9PJGjc1GTtiWZTYg0NCgYwvnYWEkVChQAr9bjfwA==}
    engines: {node: '>=16'}

  undici-types@7.8.0:
    resolution: {integrity: sha512-9UJ2xGDvQ43tYyVMpuHlsgApydB8ZKfVYTsLDhXkFL/6gfkp+U8xTGdh8pMJv1SpZna0zxG1DwsKZsreLbXBxw==}

snapshots:

  '@types/bun@1.2.17':
    dependencies:
      bun-types: 1.2.17

  '@types/node@24.0.10':
    dependencies:
      undici-types: 7.8.0

  bun-types@1.2.17:
    dependencies:
      '@types/node': 24.0.10

  type-fest@4.41.0: {}

  undici-types@7.8.0: {}
