lockfileVersion: '9.0'

settings:
  autoInstallPeers: true
  excludeLinksFromLockfile: false

importers:

  .:
    devDependencies:
      create-eslint-config:
        specifier: workspace:^
        version: link:../create-eslint-config
      type-fest:
        specifier: ^4.41.0
        version: 4.41.0

packages:

  type-fest@4.41.0:
    resolution: {integrity: sha512-TeTSQ6H5YHvpqVwBRcnLDCBnDOHWYu7IvGbHT6N8AOymcr9PJGjc1GTtiWZTYg0NCgYwvnYWEkVChQAr9bjfwA==}
    engines: {node: '>=16'}

snapshots:

  type-fest@4.41.0: {}
