lockfileVersion: '9.0'

settings:
  autoInstallPeers: true
  excludeLinksFromLockfile: false

importers:

  .:
    dependencies:
      validate-npm-package-name:
        specifier: ^6.0.1
        version: 6.0.1
    devDependencies:
      '@types/validate-npm-package-name':
        specifier: ^4.0.2
        version: 4.0.2
      create-eslint-config:
        specifier: workspace:^
        version: link:../create-eslint-config
      type-fest:
        specifier: ^4.41.0
        version: 4.41.0

packages:

  '@types/validate-npm-package-name@4.0.2':
    resolution: {integrity: sha512-lrpDziQipxCEeK5kWxvljWYhUvOiB2A9izZd9B2AFarYAkqZshb4lPbRs7zKEic6eGtH8V/2qJW+dPp9OtF6bw==}

  type-fest@4.41.0:
    resolution: {integrity: sha512-TeTSQ6H5YHvpqVwBRcnLDCBnDOHWYu7IvGbHT6N8AOymcr9PJGjc1GTtiWZTYg0NCgYwvnYWEkVChQAr9bjfwA==}
    engines: {node: '>=16'}

  validate-npm-package-name@6.0.1:
    resolution: {integrity: sha512-OaI//3H0J7ZkR1OqlhGA8cA+Cbk/2xFOQpJOt5+s27/ta9eZwpeervh4Mxh4w0im/kdgktowaqVNR7QOrUd7Yg==}
    engines: {node: ^18.17.0 || >=20.5.0}

snapshots:

  '@types/validate-npm-package-name@4.0.2': {}

  type-fest@4.41.0: {}

  validate-npm-package-name@6.0.1: {}
